
Microsoft Visual Studio Solution File, Format Version 12.00
# Visual Studio Version 16
VisualStudioVersion = 16.0.30011.22
MinimumVisualStudioVersion = 10.0.40219.1
Project("{9A19103F-16F7-4668-BE54-9A1E7A4F7556}") = "EquipmentRentalCore", "EquipmentRentalCore\EquipmentRentalCore.csproj", "{26562CFF-3E32-4961-9599-F2A72DC72E17}"
EndProject
Project("{9A19103F-16F7-4668-BE54-9A1E7A4F7556}") = "NUnitTestProject1", "..\..\NUnitTestProject1\NUnitTestProject1\NUnitTestProject1.csproj", "{1EEACC78-560B-4DD7-9617-91439379BE82}"
EndProject
Global
	GlobalSection(SolutionConfigurationPlatforms) = preSolution
		Debug|Any CPU = Debug|Any CPU
		Release|Any CPU = Release|Any CPU
	EndGlobalSection
	GlobalSection(ProjectConfigurationPlatforms) = postSolution
		{26562CFF-3E32-4961-9599-F2A72DC72E17}.Debug|Any CPU.ActiveCfg = Debug|Any CPU
		{26562CFF-3E32-4961-9599-F2A72DC72E17}.Debug|Any CPU.Build.0 = Debug|Any CPU
		{26562CFF-3E32-4961-9599-F2A72DC72E17}.Release|Any CPU.ActiveCfg = Release|Any CPU
		{26562CFF-3E32-4961-9599-F2A72DC72E17}.Release|Any CPU.Build.0 = Release|Any CPU
		{1EEACC78-560B-4DD7-9617-91439379BE82}.Debug|Any CPU.ActiveCfg = Debug|Any CPU
		{1EEACC78-560B-4DD7-9617-91439379BE82}.Debug|Any CPU.Build.0 = Debug|Any CPU
		{1EEACC78-560B-4DD7-9617-91439379BE82}.Release|Any CPU.ActiveCfg = Release|Any CPU
		{1EEACC78-560B-4DD7-9617-91439379BE82}.Release|Any CPU.Build.0 = Release|Any CPU
	EndGlobalSection
	GlobalSection(SolutionProperties) = preSolution
		HideSolutionNode = FALSE
	EndGlobalSection
	GlobalSection(ExtensibilityGlobals) = postSolution
		SolutionGuid = {CD1880B5-E566-4F33-AC11-A96D13EF8D6A}
	EndGlobalSection
EndGlobal
